# This file is autogenerated, do not edit; changes may be undone by the next 'dep ensure'.


[[projects]]
  branch = "master"
  name = "github.com/neovim/go-client"
  packages = ["msgpack","msgpack/rpc","nvim","nvim/plugin"]
  revision = "9ff6dbd3a83f86119a14095c3635eb77ffa7bc90"

[solve-meta]
  analyzer-name = "dep"
  analyzer-version = 1
  inputs-digest = "5c6b1deddb0b24d87e921cd4be4e61098c98c64190b075ca9eb1e761da10b0a6"
  solver-name = "gps-cdcl"
  solver-version = 1
